<?xml version="1.0" encoding="utf-8"?>
<Project ToolsVersion="4.0" xmlns="http://schemas.microsoft.com/developer/msbuild/2003">
  <ItemGroup>
    <None Include="README.md" />
    <None Include="src\apps\BitGenerator\bit_generator.comp">
      <Filter>src\apps\BitGenerator</Filter>
    </None>
    <None Include="src\apps\HammingNeighbors\find_hamming_neighbors.comp">
      <Filter>src\apps\HammingNeighbors</Filter>
    </None>
    <None Include="src\apps\HammingNeighbors\generate_hashes.comp">
      <Filter>src\apps\HammingNeighbors</Filter>
    </None>
    <None Include="src\apps\HammingNeighbors\sort_hashes.comp">
      <Filter>src\apps\HammingNeighbors</Filter>
    </None>
    <None Include="src\apps\StaticCube\static_cube.frag">
      <Filter>src\apps\StaticCube</Filter>
    </None>
    <None Include="src\apps\StaticCube\static_cube.vert">
      <Filter>src\apps\StaticCube</Filter>
    </None>
  </ItemGroup>
  <ItemGroup>
    <Text Include="LICENSE.txt" />
    <Text Include="NOTICE.txt" />
  </ItemGroup>
  <ItemGroup>
    <Filter Include="src">
      <UniqueIdentifier>{abcd6817-7ba6-40a7-9428-058e3cd8664d}</UniqueIdentifier>
    </Filter>
    <Filter Include="src\apps">
      <UniqueIdentifier>{29a72e91-5903-4722-993e-83bfe19c7eeb}</UniqueIdentifier>
    </Filter>
    <Filter Include="src\intvlk">
      <UniqueIdentifier>{843d0302-bd0d-4aa7-9430-8ad4b297a42e}</UniqueIdentifier>
    </Filter>
    <Filter Include="src\intvlk\glslang_utils">
      <UniqueIdentifier>{e9aff666-94a9-4d49-94a2-ee90a1e81369}</UniqueIdentifier>
    </Filter>
    <Filter Include="src\intvlk\vma_utils">
      <UniqueIdentifier>{c3473ab0-b5e7-42a9-9ca9-a575717514bf}</UniqueIdentifier>
    </Filter>
    <Filter Include="src\apps\BitGenerator">
      <UniqueIdentifier>{2f3295af-24a8-4617-9983-38aa00bc4b8a}</UniqueIdentifier>
    </Filter>
    <Filter Include="src\apps\HammingNeighbors">
      <UniqueIdentifier>{8338aa0b-945b-4640-bcde-4c15cdc20cb2}</UniqueIdentifier>
    </Filter>
    <Filter Include="src\apps\StaticCube">
      <UniqueIdentifier>{4fc0f09a-3246-42f7-b62f-e86349b8bc02}</UniqueIdentifier>
    </Filter>
    <Filter Include="src\apps\VulkanApp">
      <UniqueIdentifier>{84c711b9-c152-4cfe-a02f-65345398dc21}</UniqueIdentifier>
    </Filter>
  </ItemGroup>
  <ItemGroup>
    <ClInclude Include="src\include.hpp">
      <Filter>src</Filter>
    </ClInclude>
    <ClInclude Include="src\apps\include.hpp">
      <Filter>src\apps</Filter>
    </ClInclude>
    <ClInclude Include="src\intvlk\Error.hpp">
      <Filter>src\intvlk</Filter>
    </ClInclude>
    <ClInclude Include="src\intvlk\include.hpp">
      <Filter>src\intvlk</Filter>
    </ClInclude>
    <ClInclude Include="src\intvlk\PerFrameData.hpp">
      <Filter>src\intvlk</Filter>
    </ClInclude>
    <ClInclude Include="src\intvlk\SdlContext.hpp">
      <Filter>src\intvlk</Filter>
    </ClInclude>
    <ClInclude Include="src\intvlk\SwapchainData.hpp">
      <Filter>src\intvlk</Filter>
    </ClInclude>
    <ClInclude Include="src\intvlk\utils.hpp">
      <Filter>src\intvlk</Filter>
    </ClInclude>
    <ClInclude Include="src\intvlk\WindowData.hpp">
      <Filter>src\intvlk</Filter>
    </ClInclude>
    <ClInclude Include="src\intvlk\glslang_utils\GlslangContext.hpp">
      <Filter>src\intvlk\glslang_utils</Filter>
    </ClInclude>
    <ClInclude Include="src\intvlk\glslang_utils\include.hpp">
      <Filter>src\intvlk\glslang_utils</Filter>
    </ClInclude>
    <ClInclude Include="src\intvlk\vma_utils\BufferData.hpp">
      <Filter>src\intvlk\vma_utils</Filter>
    </ClInclude>
    <ClInclude Include="src\intvlk\vma_utils\DepthAttachmentData.hpp">
      <Filter>src\intvlk\vma_utils</Filter>
    </ClInclude>
    <ClInclude Include="src\intvlk\vma_utils\ImageData.hpp">
      <Filter>src\intvlk\vma_utils</Filter>
    </ClInclude>
    <ClInclude Include="src\intvlk\vma_utils\include.hpp">
      <Filter>src\intvlk\vma_utils</Filter>
    </ClInclude>
    <ClInclude Include="src\intvlk\vma_utils\MeshData.hpp">
      <Filter>src\intvlk\vma_utils</Filter>
    </ClInclude>
    <ClInclude Include="src\intvlk\vma_utils\usage.hpp">
      <Filter>src\intvlk\vma_utils</Filter>
    </ClInclude>
    <ClInclude Include="src\intvlk\vma_utils\utils.hpp">
      <Filter>src\intvlk\vma_utils</Filter>
    </ClInclude>
    <ClInclude Include="src\apps\BitGenerator\BitGenerator.hpp">
      <Filter>src\apps\BitGenerator</Filter>
    </ClInclude>
    <ClInclude Include="src\apps\HammingNeighbors\HammingNeighbors.hpp">
      <Filter>src\apps\HammingNeighbors</Filter>
    </ClInclude>
    <ClInclude Include="src\apps\StaticCube\StaticCube.hpp">
      <Filter>src\apps\StaticCube</Filter>
    </ClInclude>
    <ClInclude Include="src\apps\VulkanApp\VulkanApp.hpp">
      <Filter>src\apps\VulkanApp</Filter>
    </ClInclude>
  </ItemGroup>
  <ItemGroup>
    <ClCompile Include="src\main.cpp">
      <Filter>src</Filter>
    </ClCompile>
    <ClCompile Include="src\intvlk\vma_utils\usage.cpp">
      <Filter>src\intvlk\vma_utils</Filter>
    </ClCompile>
    <ClCompile Include="src\apps\BitGenerator\BitGenerator.cpp">
      <Filter>src\apps\BitGenerator</Filter>
    </ClCompile>
    <ClCompile Include="src\apps\HammingNeighbors\HammingNeighbors.cpp">
      <Filter>src\apps\HammingNeighbors</Filter>
    </ClCompile>
    <ClCompile Include="src\apps\StaticCube\StaticCube.cpp">
      <Filter>src\apps\StaticCube</Filter>
    </ClCompile>
  </ItemGroup>
</Project>