// !$*UTF8*$!
{
	archiveVersion = 1;
	classes = {
	};
	objectVersion = 77;
	objects = {

/* Begin PBXBuildFile section */
		946D8C6C2E4EA5C3004D794F /* SDL2.framework in Frameworks */ = {isa = PBXBuildFile; fileRef = 946D8C4F2E4EA2D8004D794F /* SDL2.framework */; };
		946D8C912E4EAD5D004D794F /* libvulkan.1.4.321.dylib in Copy Files */ = {isa = PBXBuildFile; fileRef = 946D8C8E2E4EAD5D004D794F /* libvulkan.1.4.321.dylib */; settings = {ATTRIBUTES = (CodeSignOnCopy, ); }; };
		949469072E5E69CF00827594 /* Cube.cpp in Sources */ = {isa = PBXBuildFile; fileRef = 949469062E5E69CF00827594 /* Cube.cpp */; };
		949469082E5E69CF00827594 /* BitGenerator.cpp in Sources */ = {isa = PBXBuildFile; fileRef = 949469042E5E69CF00827594 /* BitGenerator.cpp */; };
		94C0FB872E65DEBC0027936B /* HammingNeighbor.cpp in Sources */ = {isa = PBXBuildFile; fileRef = 94C0FB862E65DEBC0027936B /* HammingNeighbor.cpp */; };
		94CD5B4C2E52496100BF0933 /* usage.cpp in Sources */ = {isa = PBXBuildFile; fileRef = 94CD5B372E52496100BF0933 /* usage.cpp */; };
		94CD5B4E2E52496100BF0933 /* main.cpp in Sources */ = {isa = PBXBuildFile; fileRef = 94CD5B472E52496100BF0933 /* main.cpp */; };
		94CD5B522E52908000BF0933 /* libvulkan.1.4.321.dylib in Frameworks */ = {isa = PBXBuildFile; fileRef = 946D8C8E2E4EAD5D004D794F /* libvulkan.1.4.321.dylib */; };
		94CD5B5E2E5295C400BF0933 /* hamming_one_generator.comp in CopyFiles */ = {isa = PBXBuildFile; fileRef = 94CD5B422E52496100BF0933 /* hamming_one_generator.comp */; };
		94CD5B5F2E5295C400BF0933 /* vulkan_cube.frag in CopyFiles */ = {isa = PBXBuildFile; fileRef = 94CD5B432E52496100BF0933 /* vulkan_cube.frag */; };
		94CD5B602E5295C400BF0933 /* vulkan_cube.vert in CopyFiles */ = {isa = PBXBuildFile; fileRef = 94CD5B442E52496100BF0933 /* vulkan_cube.vert */; };
		94CD5B7B2E54E31A00BF0933 /* vulkan_cube.vert.spv in CopyFiles */ = {isa = PBXBuildFile; fileRef = 94CD5B792E54E31A00BF0933 /* vulkan_cube.vert.spv */; };
		94CD5B7C2E54E31A00BF0933 /* vulkan_cube.frag.spv in CopyFiles */ = {isa = PBXBuildFile; fileRef = 94CD5B7A2E54E31A00BF0933 /* vulkan_cube.frag.spv */; };
		94EF88F92E566C6F00CFE7B7 /* libglslang.dylib in Copy Files */ = {isa = PBXBuildFile; fileRef = 94EF88F72E566C6F00CFE7B7 /* libglslang.dylib */; settings = {ATTRIBUTES = (CodeSignOnCopy, ); }; };
		94EF88FA2E566C6F00CFE7B7 /* libglslang-default-resource-limits.dylib in Copy Files */ = {isa = PBXBuildFile; fileRef = 94EF88F82E566C6F00CFE7B7 /* libglslang-default-resource-limits.dylib */; settings = {ATTRIBUTES = (CodeSignOnCopy, ); }; };
		94EF88FB2E566C9E00CFE7B7 /* libglslang-default-resource-limits.dylib in Frameworks */ = {isa = PBXBuildFile; fileRef = 94EF88F82E566C6F00CFE7B7 /* libglslang-default-resource-limits.dylib */; };
		94EF88FC2E566C9E00CFE7B7 /* libglslang.dylib in Frameworks */ = {isa = PBXBuildFile; fileRef = 94EF88F72E566C6F00CFE7B7 /* libglslang.dylib */; };
/* End PBXBuildFile section */

/* Begin PBXCopyFilesBuildPhase section */
		94CD5B5D2E52958700BF0933 /* CopyFiles */ = {
			isa = PBXCopyFilesBuildPhase;
			buildActionMask = 2147483647;
			dstPath = src/shaders;
			dstSubfolderSpec = 7;
			files = (
				94CD5B7B2E54E31A00BF0933 /* vulkan_cube.vert.spv in CopyFiles */,
				94CD5B7C2E54E31A00BF0933 /* vulkan_cube.frag.spv in CopyFiles */,
				94CD5B5E2E5295C400BF0933 /* hamming_one_generator.comp in CopyFiles */,
				94CD5B5F2E5295C400BF0933 /* vulkan_cube.frag in CopyFiles */,
				94CD5B602E5295C400BF0933 /* vulkan_cube.vert in CopyFiles */,
			);
			runOnlyForDeploymentPostprocessing = 0;
		};
		94CF8B5E2E4E8E5B0050EB0D /* Copy Files */ = {
			isa = PBXCopyFilesBuildPhase;
			buildActionMask = 12;
			dstPath = "";
			dstSubfolderSpec = 10;
			files = (
				94EF88F92E566C6F00CFE7B7 /* libglslang.dylib in Copy Files */,
				94EF88FA2E566C6F00CFE7B7 /* libglslang-default-resource-limits.dylib in Copy Files */,
				946D8C912E4EAD5D004D794F /* libvulkan.1.4.321.dylib in Copy Files */,
			);
			name = "Copy Files";
			runOnlyForDeploymentPostprocessing = 0;
		};
/* End PBXCopyFilesBuildPhase section */

/* Begin PBXFileReference section */
		94583C202E5CDB3900DEF6B3 /* hamming_one.txt */ = {isa = PBXFileReference; lastKnownFileType = text; path = hamming_one.txt; sourceTree = "<group>"; };
		946D8BE62E4E9599004D794F /* InteractiveVulkan.sln */ = {isa = PBXFileReference; lastKnownFileType = text; path = InteractiveVulkan.sln; sourceTree = "<group>"; };
		946D8BE72E4E9599004D794F /* InteractiveVulkan.vcxproj */ = {isa = PBXFileReference; lastKnownFileType = text.xml; path = InteractiveVulkan.vcxproj; sourceTree = "<group>"; };
		946D8BE82E4E9599004D794F /* InteractiveVulkan.xcodeproj */ = {isa = PBXFileReference; lastKnownFileType = "wrapper.pb-project"; path = InteractiveVulkan.xcodeproj; sourceTree = "<group>"; };
		946D8BE92E4E9599004D794F /* InteractiveVulkan.vcxproj.filters */ = {isa = PBXFileReference; lastKnownFileType = text.xml; path = InteractiveVulkan.vcxproj.filters; sourceTree = "<group>"; };
		946D8BEA2E4E9599004D794F /* LICENSE.txt */ = {isa = PBXFileReference; lastKnownFileType = text; path = LICENSE.txt; sourceTree = "<group>"; };
		946D8BEB2E4E9599004D794F /* NOTICE.txt */ = {isa = PBXFileReference; lastKnownFileType = text; path = NOTICE.txt; sourceTree = "<group>"; };
		946D8BEC2E4E9599004D794F /* README.md */ = {isa = PBXFileReference; lastKnownFileType = net.daringfireball.markdown; path = README.md; sourceTree = "<group>"; };
		946D8C4F2E4EA2D8004D794F /* SDL2.framework */ = {isa = PBXFileReference; lastKnownFileType = wrapper.framework; name = SDL2.framework; path = ../../../../Library/Frameworks/SDL2.framework; sourceTree = "<group>"; };
		946D8C8C2E4EAD5D004D794F /* libglslang.dylib */ = {isa = PBXFileReference; lastKnownFileType = "compiled.mach-o.dylib"; name = libglslang.dylib; path = ../../VulkanSDK/1.4.321.0/macOS/lib/libglslang.dylib; sourceTree = "<group>"; };
		946D8C8D2E4EAD5D004D794F /* libglslang-default-resource-limits.dylib */ = {isa = PBXFileReference; lastKnownFileType = "compiled.mach-o.dylib"; name = "libglslang-default-resource-limits.dylib"; path = "../../VulkanSDK/1.4.321.0/macOS/lib/libglslang-default-resource-limits.dylib"; sourceTree = "<group>"; };
		946D8C8E2E4EAD5D004D794F /* libvulkan.1.4.321.dylib */ = {isa = PBXFileReference; lastKnownFileType = "compiled.mach-o.dylib"; name = libvulkan.1.4.321.dylib; path = ../../VulkanSDK/1.4.321.0/macOS/lib/libvulkan.1.4.321.dylib; sourceTree = "<group>"; };
		949469032E5E69CF00827594 /* BitGenerator.hpp */ = {isa = PBXFileReference; lastKnownFileType = sourcecode.cpp.h; path = BitGenerator.hpp; sourceTree = "<group>"; };
		949469042E5E69CF00827594 /* BitGenerator.cpp */ = {isa = PBXFileReference; lastKnownFileType = sourcecode.cpp.cpp; path = BitGenerator.cpp; sourceTree = "<group>"; };
		949469052E5E69CF00827594 /* Cube.hpp */ = {isa = PBXFileReference; lastKnownFileType = sourcecode.cpp.h; path = Cube.hpp; sourceTree = "<group>"; };
		949469062E5E69CF00827594 /* Cube.cpp */ = {isa = PBXFileReference; lastKnownFileType = sourcecode.cpp.cpp; path = Cube.cpp; sourceTree = "<group>"; };
		94C0FB852E65DEBC0027936B /* HammingNeighbor.hpp */ = {isa = PBXFileReference; lastKnownFileType = sourcecode.cpp.h; path = HammingNeighbor.hpp; sourceTree = "<group>"; };
		94C0FB862E65DEBC0027936B /* HammingNeighbor.cpp */ = {isa = PBXFileReference; lastKnownFileType = sourcecode.cpp.cpp; path = HammingNeighbor.cpp; sourceTree = "<group>"; };
		94CD5AD32E52491C00BF0933 /* .gitattributes */ = {isa = PBXFileReference; lastKnownFileType = text; path = .gitattributes; sourceTree = "<group>"; };
		94CD5AD42E52491C00BF0933 /* .gitignore */ = {isa = PBXFileReference; lastKnownFileType = text; path = .gitignore; sourceTree = "<group>"; };
		94CD5B232E52496100BF0933 /* include.hpp */ = {isa = PBXFileReference; lastKnownFileType = sourcecode.cpp.h; path = include.hpp; sourceTree = "<group>"; };
		94CD5B242E52496100BF0933 /* VulkanApp.hpp */ = {isa = PBXFileReference; lastKnownFileType = sourcecode.cpp.h; path = VulkanApp.hpp; sourceTree = "<group>"; };
		94CD5B282E52496100BF0933 /* DrawPushConstants.hpp */ = {isa = PBXFileReference; lastKnownFileType = sourcecode.cpp.h; path = DrawPushConstants.hpp; sourceTree = "<group>"; };
		94CD5B292E52496100BF0933 /* geometries.hpp */ = {isa = PBXFileReference; lastKnownFileType = sourcecode.cpp.h; path = geometries.hpp; sourceTree = "<group>"; };
		94CD5B2A2E52496100BF0933 /* include.hpp */ = {isa = PBXFileReference; lastKnownFileType = sourcecode.cpp.h; path = include.hpp; sourceTree = "<group>"; };
		94CD5B2B2E52496100BF0933 /* math.hpp */ = {isa = PBXFileReference; lastKnownFileType = sourcecode.cpp.h; path = math.hpp; sourceTree = "<group>"; };
		94CD5B2C2E52496100BF0933 /* Vertex.hpp */ = {isa = PBXFileReference; lastKnownFileType = sourcecode.cpp.h; path = Vertex.hpp; sourceTree = "<group>"; };
		94CD5B2E2E52496100BF0933 /* GlslangContext.hpp */ = {isa = PBXFileReference; lastKnownFileType = sourcecode.cpp.h; path = GlslangContext.hpp; sourceTree = "<group>"; };
		94CD5B2F2E52496100BF0933 /* include.hpp */ = {isa = PBXFileReference; lastKnownFileType = sourcecode.cpp.h; path = include.hpp; sourceTree = "<group>"; };
		94CD5B312E52496100BF0933 /* BufferData.hpp */ = {isa = PBXFileReference; lastKnownFileType = sourcecode.cpp.h; path = BufferData.hpp; sourceTree = "<group>"; };
		94CD5B322E52496100BF0933 /* DepthAttachmentData.hpp */ = {isa = PBXFileReference; lastKnownFileType = sourcecode.cpp.h; path = DepthAttachmentData.hpp; sourceTree = "<group>"; };
		94CD5B332E52496100BF0933 /* ImageData.hpp */ = {isa = PBXFileReference; lastKnownFileType = sourcecode.cpp.h; path = ImageData.hpp; sourceTree = "<group>"; };
		94CD5B342E52496100BF0933 /* include.hpp */ = {isa = PBXFileReference; lastKnownFileType = sourcecode.cpp.h; path = include.hpp; sourceTree = "<group>"; };
		94CD5B352E52496100BF0933 /* MeshData.hpp */ = {isa = PBXFileReference; lastKnownFileType = sourcecode.cpp.h; path = MeshData.hpp; sourceTree = "<group>"; };
		94CD5B362E52496100BF0933 /* usage.hpp */ = {isa = PBXFileReference; lastKnownFileType = sourcecode.cpp.h; path = usage.hpp; sourceTree = "<group>"; };
		94CD5B372E52496100BF0933 /* usage.cpp */ = {isa = PBXFileReference; lastKnownFileType = sourcecode.cpp.cpp; path = usage.cpp; sourceTree = "<group>"; };
		94CD5B382E52496100BF0933 /* utils.hpp */ = {isa = PBXFileReference; lastKnownFileType = sourcecode.cpp.h; path = utils.hpp; sourceTree = "<group>"; };
		94CD5B3A2E52496100BF0933 /* errors.hpp */ = {isa = PBXFileReference; lastKnownFileType = sourcecode.cpp.h; path = errors.hpp; sourceTree = "<group>"; };
		94CD5B3B2E52496100BF0933 /* include.hpp */ = {isa = PBXFileReference; lastKnownFileType = sourcecode.cpp.h; path = include.hpp; sourceTree = "<group>"; };
		94CD5B3C2E52496100BF0933 /* PerFrameData.hpp */ = {isa = PBXFileReference; lastKnownFileType = sourcecode.cpp.h; path = PerFrameData.hpp; sourceTree = "<group>"; };
		94CD5B3D2E52496100BF0933 /* SdlContext.hpp */ = {isa = PBXFileReference; lastKnownFileType = sourcecode.cpp.h; path = SdlContext.hpp; sourceTree = "<group>"; };
		94CD5B3E2E52496100BF0933 /* SwapchainData.hpp */ = {isa = PBXFileReference; lastKnownFileType = sourcecode.cpp.h; path = SwapchainData.hpp; sourceTree = "<group>"; };
		94CD5B3F2E52496100BF0933 /* utils.hpp */ = {isa = PBXFileReference; lastKnownFileType = sourcecode.cpp.h; path = utils.hpp; sourceTree = "<group>"; };
		94CD5B402E52496100BF0933 /* WindowData.hpp */ = {isa = PBXFileReference; lastKnownFileType = sourcecode.cpp.h; path = WindowData.hpp; sourceTree = "<group>"; };
		94CD5B422E52496100BF0933 /* hamming_one_generator.comp */ = {isa = PBXFileReference; lastKnownFileType = text; path = hamming_one_generator.comp; sourceTree = "<group>"; };
		94CD5B432E52496100BF0933 /* vulkan_cube.frag */ = {isa = PBXFileReference; lastKnownFileType = sourcecode.glsl; path = vulkan_cube.frag; sourceTree = "<group>"; };
		94CD5B442E52496100BF0933 /* vulkan_cube.vert */ = {isa = PBXFileReference; lastKnownFileType = sourcecode.glsl; path = vulkan_cube.vert; sourceTree = "<group>"; };
		94CD5B462E52496100BF0933 /* include.hpp */ = {isa = PBXFileReference; lastKnownFileType = sourcecode.cpp.h; path = include.hpp; sourceTree = "<group>"; };
		94CD5B472E52496100BF0933 /* main.cpp */ = {isa = PBXFileReference; lastKnownFileType = sourcecode.cpp.cpp; path = main.cpp; sourceTree = "<group>"; };
		94CD5B612E52990A00BF0933 /* libOSDependent.a */ = {isa = PBXFileReference; lastKnownFileType = archive.ar; name = libOSDependent.a; path = ../../VulkanSDK/1.4.321.0/macOS/lib/libOSDependent.a; sourceTree = "<group>"; };
		94CD5B622E52990A00BF0933 /* libGenericCodeGen.a */ = {isa = PBXFileReference; lastKnownFileType = archive.ar; name = libGenericCodeGen.a; path = ../../VulkanSDK/1.4.321.0/macOS/lib/libGenericCodeGen.a; sourceTree = "<group>"; };
		94CD5B632E52990A00BF0933 /* libMachineIndependent.a */ = {isa = PBXFileReference; lastKnownFileType = archive.ar; name = libMachineIndependent.a; path = ../../VulkanSDK/1.4.321.0/macOS/lib/libMachineIndependent.a; sourceTree = "<group>"; };
		94CD5B642E52990A00BF0933 /* libSPIRV.dylib */ = {isa = PBXFileReference; lastKnownFileType = "compiled.mach-o.dylib"; name = libSPIRV.dylib; path = ../../VulkanSDK/1.4.321.0/macOS/lib/libSPIRV.dylib; sourceTree = "<group>"; };
		94CD5B692E5299ED00BF0933 /* libMachineIndependent.a */ = {isa = PBXFileReference; lastKnownFileType = archive.ar; name = libMachineIndependent.a; path = ../../VulkanSDK/1.4.321.0/macOS/lib/libMachineIndependent.a; sourceTree = "<group>"; };
		94CD5B6A2E5299ED00BF0933 /* libSPIRV.dylib */ = {isa = PBXFileReference; lastKnownFileType = "compiled.mach-o.dylib"; name = libSPIRV.dylib; path = ../../VulkanSDK/1.4.321.0/macOS/lib/libSPIRV.dylib; sourceTree = "<group>"; };
		94CD5B6B2E5299ED00BF0933 /* libGenericCodeGen.a */ = {isa = PBXFileReference; lastKnownFileType = archive.ar; name = libGenericCodeGen.a; path = ../../VulkanSDK/1.4.321.0/macOS/lib/libGenericCodeGen.a; sourceTree = "<group>"; };
		94CD5B6C2E5299ED00BF0933 /* libOSDependent.a */ = {isa = PBXFileReference; lastKnownFileType = archive.ar; name = libOSDependent.a; path = ../../VulkanSDK/1.4.321.0/macOS/lib/libOSDependent.a; sourceTree = "<group>"; };
		94CD5B712E529A7D00BF0933 /* libSPIRV-Tools-opt.a */ = {isa = PBXFileReference; lastKnownFileType = archive.ar; name = "libSPIRV-Tools-opt.a"; path = "../../VulkanSDK/1.4.321.0/macOS/lib/libSPIRV-Tools-opt.a"; sourceTree = "<group>"; };
		94CD5B722E529A7D00BF0933 /* libSPIRV-Tools.a */ = {isa = PBXFileReference; lastKnownFileType = archive.ar; name = "libSPIRV-Tools.a"; path = "../../VulkanSDK/1.4.321.0/macOS/lib/libSPIRV-Tools.a"; sourceTree = "<group>"; };
		94CD5B752E529AAB00BF0933 /* libSPIRV-Tools.a */ = {isa = PBXFileReference; lastKnownFileType = archive.ar; name = "libSPIRV-Tools.a"; path = "../../VulkanSDK/1.4.321.0/macOS/lib/libSPIRV-Tools.a"; sourceTree = "<group>"; };
		94CD5B762E529AAB00BF0933 /* libSPIRV-Tools-opt.a */ = {isa = PBXFileReference; lastKnownFileType = archive.ar; name = "libSPIRV-Tools-opt.a"; path = "../../VulkanSDK/1.4.321.0/macOS/lib/libSPIRV-Tools-opt.a"; sourceTree = "<group>"; };
		94CD5B792E54E31A00BF0933 /* vulkan_cube.vert.spv */ = {isa = PBXFileReference; lastKnownFileType = file; name = vulkan_cube.vert.spv; path = src/shaders/vulkan_cube.vert.spv; sourceTree = "<group>"; };
		94CD5B7A2E54E31A00BF0933 /* vulkan_cube.frag.spv */ = {isa = PBXFileReference; lastKnownFileType = file; name = vulkan_cube.frag.spv; path = src/shaders/vulkan_cube.frag.spv; sourceTree = "<group>"; };
		94CF8B602E4E8E5B0050EB0D /* InteractiveVulkan */ = {isa = PBXFileReference; explicitFileType = "compiled.mach-o.executable"; includeInIndex = 0; path = InteractiveVulkan; sourceTree = BUILT_PRODUCTS_DIR; };
		94EF88F72E566C6F00CFE7B7 /* libglslang.dylib */ = {isa = PBXFileReference; lastKnownFileType = "compiled.mach-o.dylib"; name = libglslang.dylib; path = ../../VulkanSDK/1.4.321.0/macOS/lib/libglslang.dylib; sourceTree = "<group>"; };
		94EF88F82E566C6F00CFE7B7 /* libglslang-default-resource-limits.dylib */ = {isa = PBXFileReference; lastKnownFileType = "compiled.mach-o.dylib"; name = "libglslang-default-resource-limits.dylib"; path = "../../VulkanSDK/1.4.321.0/macOS/lib/libglslang-default-resource-limits.dylib"; sourceTree = "<group>"; };
/* End PBXFileReference section */

/* Begin PBXFrameworksBuildPhase section */
		94CF8B5D2E4E8E5B0050EB0D /* Frameworks */ = {
			isa = PBXFrameworksBuildPhase;
			buildActionMask = 2147483647;
			files = (
				94EF88FB2E566C9E00CFE7B7 /* libglslang-default-resource-limits.dylib in Frameworks */,
				94EF88FC2E566C9E00CFE7B7 /* libglslang.dylib in Frameworks */,
				946D8C6C2E4EA5C3004D794F /* SDL2.framework in Frameworks */,
				94CD5B522E52908000BF0933 /* libvulkan.1.4.321.dylib in Frameworks */,
			);
			runOnlyForDeploymentPostprocessing = 0;
		};
/* End PBXFrameworksBuildPhase section */

/* Begin PBXGroup section */
		946D8C1F2E4E9B40004D794F /* Frameworks */ = {
			isa = PBXGroup;
			children = (
				94CD5B722E529A7D00BF0933 /* libSPIRV-Tools.a */,
				94CD5B712E529A7D00BF0933 /* libSPIRV-Tools-opt.a */,
				94CD5B622E52990A00BF0933 /* libGenericCodeGen.a */,
				94CD5B632E52990A00BF0933 /* libMachineIndependent.a */,
				94CD5B612E52990A00BF0933 /* libOSDependent.a */,
				94CD5B642E52990A00BF0933 /* libSPIRV.dylib */,
				946D8C4F2E4EA2D8004D794F /* SDL2.framework */,
				946D8C8D2E4EAD5D004D794F /* libglslang-default-resource-limits.dylib */,
				946D8C8C2E4EAD5D004D794F /* libglslang.dylib */,
				946D8C8E2E4EAD5D004D794F /* libvulkan.1.4.321.dylib */,
			);
			name = Frameworks;
			sourceTree = "<group>";
		};
		94A190DF2E54F6E100A91A7D /* Products */ = {
			isa = PBXGroup;
			name = Products;
			sourceTree = "<group>";
		};
		94CD5B272E52496100BF0933 /* apps */ = {
			isa = PBXGroup;
			children = (
				94C0FB852E65DEBC0027936B /* HammingNeighbor.hpp */,
				94C0FB862E65DEBC0027936B /* HammingNeighbor.cpp */,
				949469032E5E69CF00827594 /* BitGenerator.hpp */,
				949469042E5E69CF00827594 /* BitGenerator.cpp */,
				949469052E5E69CF00827594 /* Cube.hpp */,
				949469062E5E69CF00827594 /* Cube.cpp */,
				94CD5B232E52496100BF0933 /* include.hpp */,
				94CD5B242E52496100BF0933 /* VulkanApp.hpp */,
			);
			path = apps;
			sourceTree = "<group>";
		};
		94CD5B2D2E52496100BF0933 /* glm_utils */ = {
			isa = PBXGroup;
			children = (
				94CD5B282E52496100BF0933 /* DrawPushConstants.hpp */,
				94CD5B292E52496100BF0933 /* geometries.hpp */,
				94CD5B2A2E52496100BF0933 /* include.hpp */,
				94CD5B2B2E52496100BF0933 /* math.hpp */,
				94CD5B2C2E52496100BF0933 /* Vertex.hpp */,
			);
			path = glm_utils;
			sourceTree = "<group>";
		};
		94CD5B302E52496100BF0933 /* glslang_utils */ = {
			isa = PBXGroup;
			children = (
				94CD5B2E2E52496100BF0933 /* GlslangContext.hpp */,
				94CD5B2F2E52496100BF0933 /* include.hpp */,
			);
			path = glslang_utils;
			sourceTree = "<group>";
		};
		94CD5B392E52496100BF0933 /* vma_utils */ = {
			isa = PBXGroup;
			children = (
				94CD5B312E52496100BF0933 /* BufferData.hpp */,
				94CD5B322E52496100BF0933 /* DepthAttachmentData.hpp */,
				94CD5B332E52496100BF0933 /* ImageData.hpp */,
				94CD5B342E52496100BF0933 /* include.hpp */,
				94CD5B352E52496100BF0933 /* MeshData.hpp */,
				94CD5B362E52496100BF0933 /* usage.hpp */,
				94CD5B372E52496100BF0933 /* usage.cpp */,
				94CD5B382E52496100BF0933 /* utils.hpp */,
			);
			path = vma_utils;
			sourceTree = "<group>";
		};
		94CD5B412E52496100BF0933 /* intvlk */ = {
			isa = PBXGroup;
			children = (
				94CD5B2D2E52496100BF0933 /* glm_utils */,
				94CD5B302E52496100BF0933 /* glslang_utils */,
				94CD5B392E52496100BF0933 /* vma_utils */,
				94CD5B3A2E52496100BF0933 /* errors.hpp */,
				94CD5B3B2E52496100BF0933 /* include.hpp */,
				94CD5B3C2E52496100BF0933 /* PerFrameData.hpp */,
				94CD5B3D2E52496100BF0933 /* SdlContext.hpp */,
				94CD5B3E2E52496100BF0933 /* SwapchainData.hpp */,
				94CD5B3F2E52496100BF0933 /* utils.hpp */,
				94CD5B402E52496100BF0933 /* WindowData.hpp */,
			);
			path = intvlk;
			sourceTree = "<group>";
		};
		94CD5B452E52496100BF0933 /* shaders */ = {
			isa = PBXGroup;
			children = (
				94CD5B422E52496100BF0933 /* hamming_one_generator.comp */,
				94CD5B432E52496100BF0933 /* vulkan_cube.frag */,
				94CD5B442E52496100BF0933 /* vulkan_cube.vert */,
			);
			path = shaders;
			sourceTree = "<group>";
		};
		94CD5B482E52496100BF0933 /* src */ = {
			isa = PBXGroup;
			children = (
				94CD5B272E52496100BF0933 /* apps */,
				94CD5B412E52496100BF0933 /* intvlk */,
				94CD5B452E52496100BF0933 /* shaders */,
				94CD5B462E52496100BF0933 /* include.hpp */,
				94CD5B472E52496100BF0933 /* main.cpp */,
			);
			path = src;
			sourceTree = "<group>";
		};
		94CF8B572E4E8E5B0050EB0D = {
			isa = PBXGroup;
			children = (
				94583C202E5CDB3900DEF6B3 /* hamming_one.txt */,
				94EF88F72E566C6F00CFE7B7 /* libglslang.dylib */,
				94EF88F82E566C6F00CFE7B7 /* libglslang-default-resource-limits.dylib */,
				94CD5B7A2E54E31A00BF0933 /* vulkan_cube.frag.spv */,
				94CD5B792E54E31A00BF0933 /* vulkan_cube.vert.spv */,
				94CD5B752E529AAB00BF0933 /* libSPIRV-Tools.a */,
				94CD5B762E529AAB00BF0933 /* libSPIRV-Tools-opt.a */,
				94CD5B6B2E5299ED00BF0933 /* libGenericCodeGen.a */,
				94CD5B692E5299ED00BF0933 /* libMachineIndependent.a */,
				94CD5B6C2E5299ED00BF0933 /* libOSDependent.a */,
				94CD5B6A2E5299ED00BF0933 /* libSPIRV.dylib */,
				94CD5B482E52496100BF0933 /* src */,
				94CD5AD32E52491C00BF0933 /* .gitattributes */,
				94CD5AD42E52491C00BF0933 /* .gitignore */,
				946D8BEA2E4E9599004D794F /* LICENSE.txt */,
				946D8BEB2E4E9599004D794F /* NOTICE.txt */,
				946D8BEC2E4E9599004D794F /* README.md */,
				946D8BE62E4E9599004D794F /* InteractiveVulkan.sln */,
				946D8BE72E4E9599004D794F /* InteractiveVulkan.vcxproj */,
				946D8BE92E4E9599004D794F /* InteractiveVulkan.vcxproj.filters */,
				946D8BE82E4E9599004D794F /* InteractiveVulkan.xcodeproj */,
				946D8C1F2E4E9B40004D794F /* Frameworks */,
				94CF8B612E4E8E5B0050EB0D /* Products */,
			);
			sourceTree = "<group>";
		};
		94CF8B612E4E8E5B0050EB0D /* Products */ = {
			isa = PBXGroup;
			children = (
				94CF8B602E4E8E5B0050EB0D /* InteractiveVulkan */,
			);
			name = Products;
			sourceTree = "<group>";
		};
/* End PBXGroup section */

/* Begin PBXNativeTarget section */
		94CF8B5F2E4E8E5B0050EB0D /* InteractiveVulkan */ = {
			isa = PBXNativeTarget;
			buildConfigurationList = 94CF8B672E4E8E5B0050EB0D /* Build configuration list for PBXNativeTarget "InteractiveVulkan" */;
			buildPhases = (
				94CF8B5E2E4E8E5B0050EB0D /* Copy Files */,
				94CD5B5D2E52958700BF0933 /* CopyFiles */,
				94CF8B5C2E4E8E5B0050EB0D /* Sources */,
				94CF8B5D2E4E8E5B0050EB0D /* Frameworks */,
			);
			buildRules = (
			);
			dependencies = (
			);
			name = InteractiveVulkan;
			packageProductDependencies = (
			);
			productName = InteractiveVulkan;
			productReference = 94CF8B602E4E8E5B0050EB0D /* InteractiveVulkan */;
			productType = "com.apple.product-type.tool";
		};
/* End PBXNativeTarget section */

/* Begin PBXProject section */
		94CF8B582E4E8E5B0050EB0D /* Project object */ = {
			isa = PBXProject;
			attributes = {
				BuildIndependentTargetsInParallel = 1;
				LastUpgradeCheck = 1640;
				TargetAttributes = {
					94CF8B5F2E4E8E5B0050EB0D = {
						CreatedOnToolsVersion = 16.4;
					};
				};
			};
			buildConfigurationList = 94CF8B5B2E4E8E5B0050EB0D /* Build configuration list for PBXProject "InteractiveVulkan" */;
			developmentRegion = en;
			hasScannedForEncodings = 0;
			knownRegions = (
				en,
				Base,
			);
			mainGroup = 94CF8B572E4E8E5B0050EB0D;
			minimizedProjectReferenceProxies = 1;
			preferredProjectObjectVersion = 77;
			productRefGroup = 94CF8B612E4E8E5B0050EB0D /* Products */;
			projectDirPath = "";
			projectReferences = (
				{
					ProductGroup = 94A190DF2E54F6E100A91A7D /* Products */;
					ProjectRef = 946D8BE82E4E9599004D794F /* InteractiveVulkan.xcodeproj */;
				},
			);
			projectRoot = "";
			targets = (
				94CF8B5F2E4E8E5B0050EB0D /* InteractiveVulkan */,
			);
		};
/* End PBXProject section */

/* Begin PBXSourcesBuildPhase section */
		94CF8B5C2E4E8E5B0050EB0D /* Sources */ = {
			isa = PBXSourcesBuildPhase;
			buildActionMask = 2147483647;
			files = (
				94CD5B4C2E52496100BF0933 /* usage.cpp in Sources */,
				94CD5B4E2E52496100BF0933 /* main.cpp in Sources */,
				949469072E5E69CF00827594 /* Cube.cpp in Sources */,
				94C0FB872E65DEBC0027936B /* HammingNeighbor.cpp in Sources */,
				949469082E5E69CF00827594 /* BitGenerator.cpp in Sources */,
			);
			runOnlyForDeploymentPostprocessing = 0;
		};
/* End PBXSourcesBuildPhase section */

/* Begin XCBuildConfiguration section */
		94CF8B652E4E8E5B0050EB0D /* Debug */ = {
			isa = XCBuildConfiguration;
			buildSettings = {
				ALWAYS_SEARCH_USER_PATHS = NO;
				ASSETCATALOG_COMPILER_GENERATE_SWIFT_ASSET_SYMBOL_EXTENSIONS = YES;
				CLANG_ANALYZER_NONNULL = YES;
				CLANG_ANALYZER_NUMBER_OBJECT_CONVERSION = YES_AGGRESSIVE;
				CLANG_CXX_LANGUAGE_STANDARD = "gnu++20";
				CLANG_ENABLE_MODULES = YES;
				CLANG_ENABLE_OBJC_ARC = YES;
				CLANG_ENABLE_OBJC_WEAK = YES;
				CLANG_WARN_BLOCK_CAPTURE_AUTORELEASING = YES;
				CLANG_WARN_BOOL_CONVERSION = YES;
				CLANG_WARN_COMMA = YES;
				CLANG_WARN_CONSTANT_CONVERSION = YES;
				CLANG_WARN_DEPRECATED_OBJC_IMPLEMENTATIONS = YES;
				CLANG_WARN_DIRECT_OBJC_ISA_USAGE = YES_ERROR;
				CLANG_WARN_DOCUMENTATION_COMMENTS = YES;
				CLANG_WARN_EMPTY_BODY = YES;
				CLANG_WARN_ENUM_CONVERSION = YES;
				CLANG_WARN_INFINITE_RECURSION = YES;
				CLANG_WARN_INT_CONVERSION = YES;
				CLANG_WARN_NON_LITERAL_NULL_CONVERSION = YES;
				CLANG_WARN_OBJC_IMPLICIT_RETAIN_SELF = YES;
				CLANG_WARN_OBJC_LITERAL_CONVERSION = YES;
				CLANG_WARN_OBJC_ROOT_CLASS = YES_ERROR;
				CLANG_WARN_QUOTED_INCLUDE_IN_FRAMEWORK_HEADER = YES;
				CLANG_WARN_RANGE_LOOP_ANALYSIS = YES;
				CLANG_WARN_STRICT_PROTOTYPES = YES;
				CLANG_WARN_SUSPICIOUS_MOVE = YES;
				CLANG_WARN_UNGUARDED_AVAILABILITY = YES_AGGRESSIVE;
				CLANG_WARN_UNREACHABLE_CODE = YES;
				CLANG_WARN__DUPLICATE_METHOD_MATCH = YES;
				COPY_PHASE_STRIP = NO;
				DEBUG_INFORMATION_FORMAT = dwarf;
				ENABLE_STRICT_OBJC_MSGSEND = YES;
				ENABLE_TESTABILITY = YES;
				ENABLE_USER_SCRIPT_SANDBOXING = YES;
				GCC_C_LANGUAGE_STANDARD = gnu17;
				GCC_DYNAMIC_NO_PIC = NO;
				GCC_NO_COMMON_BLOCKS = YES;
				GCC_OPTIMIZATION_LEVEL = 0;
				GCC_PREPROCESSOR_DEFINITIONS = (
					"DEBUG=1",
					"$(inherited)",
				);
				GCC_WARN_64_TO_32_BIT_CONVERSION = YES;
				GCC_WARN_ABOUT_RETURN_TYPE = YES_ERROR;
				GCC_WARN_UNDECLARED_SELECTOR = YES;
				GCC_WARN_UNINITIALIZED_AUTOS = YES_AGGRESSIVE;
				GCC_WARN_UNUSED_FUNCTION = YES;
				GCC_WARN_UNUSED_VARIABLE = YES;
				HEADER_SEARCH_PATHS = /Users/skylar/VulkanSDK/1.4.321.0/macOS/include;
				LIBRARY_SEARCH_PATHS = /Users/skylar/VulkanSDK/1.4.321.0/macOS/lib;
				LOCALIZATION_PREFERS_STRING_CATALOGS = YES;
				MACOSX_DEPLOYMENT_TARGET = 15.5;
				MTL_ENABLE_DEBUG_INFO = INCLUDE_SOURCE;
				MTL_FAST_MATH = YES;
				ONLY_ACTIVE_ARCH = YES;
				SDKROOT = macosx;
			};
			name = Debug;
		};
		94CF8B662E4E8E5B0050EB0D /* Release */ = {
			isa = XCBuildConfiguration;
			buildSettings = {
				ALWAYS_SEARCH_USER_PATHS = NO;
				ASSETCATALOG_COMPILER_GENERATE_SWIFT_ASSET_SYMBOL_EXTENSIONS = YES;
				CLANG_ANALYZER_NONNULL = YES;
				CLANG_ANALYZER_NUMBER_OBJECT_CONVERSION = YES_AGGRESSIVE;
				CLANG_CXX_LANGUAGE_STANDARD = "gnu++20";
				CLANG_ENABLE_MODULES = YES;
				CLANG_ENABLE_OBJC_ARC = YES;
				CLANG_ENABLE_OBJC_WEAK = YES;
				CLANG_WARN_BLOCK_CAPTURE_AUTORELEASING = YES;
				CLANG_WARN_BOOL_CONVERSION = YES;
				CLANG_WARN_COMMA = YES;
				CLANG_WARN_CONSTANT_CONVERSION = YES;
				CLANG_WARN_DEPRECATED_OBJC_IMPLEMENTATIONS = YES;
				CLANG_WARN_DIRECT_OBJC_ISA_USAGE = YES_ERROR;
				CLANG_WARN_DOCUMENTATION_COMMENTS = YES;
				CLANG_WARN_EMPTY_BODY = YES;
				CLANG_WARN_ENUM_CONVERSION = YES;
				CLANG_WARN_INFINITE_RECURSION = YES;
				CLANG_WARN_INT_CONVERSION = YES;
				CLANG_WARN_NON_LITERAL_NULL_CONVERSION = YES;
				CLANG_WARN_OBJC_IMPLICIT_RETAIN_SELF = YES;
				CLANG_WARN_OBJC_LITERAL_CONVERSION = YES;
				CLANG_WARN_OBJC_ROOT_CLASS = YES_ERROR;
				CLANG_WARN_QUOTED_INCLUDE_IN_FRAMEWORK_HEADER = YES;
				CLANG_WARN_RANGE_LOOP_ANALYSIS = YES;
				CLANG_WARN_STRICT_PROTOTYPES = YES;
				CLANG_WARN_SUSPICIOUS_MOVE = YES;
				CLANG_WARN_UNGUARDED_AVAILABILITY = YES_AGGRESSIVE;
				CLANG_WARN_UNREACHABLE_CODE = YES;
				CLANG_WARN__DUPLICATE_METHOD_MATCH = YES;
				COPY_PHASE_STRIP = NO;
				DEBUG_INFORMATION_FORMAT = "dwarf-with-dsym";
				ENABLE_NS_ASSERTIONS = NO;
				ENABLE_STRICT_OBJC_MSGSEND = YES;
				ENABLE_USER_SCRIPT_SANDBOXING = YES;
				GCC_C_LANGUAGE_STANDARD = gnu17;
				GCC_NO_COMMON_BLOCKS = YES;
				GCC_WARN_64_TO_32_BIT_CONVERSION = YES;
				GCC_WARN_ABOUT_RETURN_TYPE = YES_ERROR;
				GCC_WARN_UNDECLARED_SELECTOR = YES;
				GCC_WARN_UNINITIALIZED_AUTOS = YES_AGGRESSIVE;
				GCC_WARN_UNUSED_FUNCTION = YES;
				GCC_WARN_UNUSED_VARIABLE = YES;
				HEADER_SEARCH_PATHS = /Users/skylar/VulkanSDK/1.4.321.0/macOS/include;
				LIBRARY_SEARCH_PATHS = /Users/skylar/VulkanSDK/1.4.321.0/macOS/lib;
				LOCALIZATION_PREFERS_STRING_CATALOGS = YES;
				MACOSX_DEPLOYMENT_TARGET = 15.5;
				MTL_ENABLE_DEBUG_INFO = NO;
				MTL_FAST_MATH = YES;
				SDKROOT = macosx;
			};
			name = Release;
		};
		94CF8B682E4E8E5B0050EB0D /* Debug */ = {
			isa = XCBuildConfiguration;
			buildSettings = {
				CODE_SIGN_STYLE = Automatic;
				FRAMEWORK_SEARCH_PATHS = (
					"$(inherited)",
					"$(LOCAL_LIBRARY_DIR)/Frameworks",
				);
				GCC_PREPROCESSOR_DEFINITIONS = (
					"DEBUG=1",
					"VK_USE_PLATFORM_METAL_EXT=1",
					"VK_ENABLE_BETA_EXTENSIONS=1",
					"MVK_SHADER_DEBUG=1",
					"MVK_SHADER_DUMP=1",
					"MVK_SHADER_DUMP_DIR=/tmp/moltenvk_shaders",
				);
				LD_RUNPATH_SEARCH_PATHS = (
					/Library/Frameworks,
					/Users/skylar/VulkanSDK/1.4.321.0/macOS/lib,
					/Users/skylar/VulkanSDK/1.4.321.0/macOS/lib,
					/Users/skylar/VulkanSDK/1.4.321.0/macOS/lib,
				);
				PRODUCT_NAME = "$(TARGET_NAME)";
			};
			name = Debug;
		};
		94CF8B692E4E8E5B0050EB0D /* Release */ = {
			isa = XCBuildConfiguration;
			buildSettings = {
				CODE_SIGN_STYLE = Automatic;
				FRAMEWORK_SEARCH_PATHS = (
					"$(inherited)",
					"$(LOCAL_LIBRARY_DIR)/Frameworks",
				);
				GCC_PREPROCESSOR_DEFINITIONS = (
					"NDEBUG=1",
					"VK_USE_PLATFORM_METAL_EXT=1",
					"VK_ENABLE_BETA_EXTENSIONS=1",
					"MVK_SHADER_DEBUG=1",
					"MVK_SHADER_DUMP=1",
					"MVK_SHADER_DUMP_DIR=/tmp/moltenvk_shaders",
				);
				LD_RUNPATH_SEARCH_PATHS = (
					/Library/Frameworks,
					/Users/skylar/VulkanSDK/1.4.321.0/macOS/lib,
					/Users/skylar/VulkanSDK/1.4.321.0/macOS/lib,
					/Users/skylar/VulkanSDK/1.4.321.0/macOS/lib,
				);
				PRODUCT_NAME = "$(TARGET_NAME)";
			};
			name = Release;
		};
/* End XCBuildConfiguration section */

/* Begin XCConfigurationList section */
		94CF8B5B2E4E8E5B0050EB0D /* Build configuration list for PBXProject "InteractiveVulkan" */ = {
			isa = XCConfigurationList;
			buildConfigurations = (
				94CF8B652E4E8E5B0050EB0D /* Debug */,
				94CF8B662E4E8E5B0050EB0D /* Release */,
			);
			defaultConfigurationIsVisible = 0;
			defaultConfigurationName = Release;
		};
		94CF8B672E4E8E5B0050EB0D /* Build configuration list for PBXNativeTarget "InteractiveVulkan" */ = {
			isa = XCConfigurationList;
			buildConfigurations = (
				94CF8B682E4E8E5B0050EB0D /* Debug */,
				94CF8B692E4E8E5B0050EB0D /* Release */,
			);
			defaultConfigurationIsVisible = 0;
			defaultConfigurationName = Release;
		};
/* End XCConfigurationList section */
	};
	rootObject = 94CF8B582E4E8E5B0050EB0D /* Project object */;
}
